
Microsoft Visual Studio Solution File, Format Version 12.00
# Visual Studio 2012
Project("{F2A71F9B-5D33-465A-A702-920D77279786}") = "FSharpNumerics", "FSharpNumerics\FSharpNumerics.fsproj", "{43167479-44BE-4F34-AD99-23E5ED65920C}"
EndProject
Global
	GlobalSection(SolutionConfigurationPlatforms) = preSolution
		Debug|Any CPU = Debug|Any CPU
		Release|Any CPU = Release|Any CPU
	EndGlobalSection
	GlobalSection(ProjectConfigurationPlatforms) = postSolution
		{43167479-44BE-4F34-AD99-23E5ED65920C}.Debug|Any CPU.ActiveCfg = Debug|Any CPU
		{43167479-44BE-4F34-AD99-23E5ED65920C}.Debug|Any CPU.Build.0 = Debug|Any CPU
		{43167479-44BE-4F34-AD99-23E5ED65920C}.Release|Any CPU.ActiveCfg = Release|Any CPU
		{43167479-44BE-4F34-AD99-23E5ED65920C}.Release|Any CPU.Build.0 = Release|Any CPU
	EndGlobalSection
	GlobalSection(SolutionProperties) = preSolution
		HideSolutionNode = FALSE
	EndGlobalSection
EndGlobal
